
Microsoft Visual Studio Solution File, Format Version 12.00
# Visual Studio 14
VisualStudioVersion = 14.0.25420.1
MinimumVisualStudioVersion = 10.0.40219.1
Project("{FAE04EC0-301F-11D3-BF4B-00C04F79EFBC}") = "XamarinApp", "XamarinApp\XamarinApp.csproj", "{4084AF60-9C7B-497F-AEC7-2FE4A41ED9A6}"
EndProject
Global
	GlobalSection(SolutionConfigurationPlatforms) = preSolution
		Ad-Hoc|iPhone = Ad-Hoc|iPhone
		Ad-Hoc|iPhoneSimulator = Ad-Hoc|iPhoneSimulator
		AppStore|iPhone = AppStore|iPhone
		AppStore|iPhoneSimulator = AppStore|iPhoneSimulator
		Debug|iPhone = Debug|iPhone
		Debug|iPhoneSimulator = Debug|iPhoneSimulator
		Release|iPhone = Release|iPhone
		Release|iPhoneSimulator = Release|iPhoneSimulator
	EndGlobalSection
	GlobalSection(ProjectConfigurationPlatforms) = postSolution
		{4084AF60-9C7B-497F-AEC7-2FE4A41ED9A6}.Ad-Hoc|iPhone.ActiveCfg = Ad-Hoc|iPhone
		{4084AF60-9C7B-497F-AEC7-2FE4A41ED9A6}.Ad-Hoc|iPhone.Build.0 = Ad-Hoc|iPhone
		{4084AF60-9C7B-497F-AEC7-2FE4A41ED9A6}.Ad-Hoc|iPhoneSimulator.ActiveCfg = Ad-Hoc|iPhoneSimulator
		{4084AF60-9C7B-497F-AEC7-2FE4A41ED9A6}.Ad-Hoc|iPhoneSimulator.Build.0 = Ad-Hoc|iPhoneSimulator
		{4084AF60-9C7B-497F-AEC7-2FE4A41ED9A6}.AppStore|iPhone.ActiveCfg = AppStore|iPhone
		{4084AF60-9C7B-497F-AEC7-2FE4A41ED9A6}.AppStore|iPhone.Build.0 = AppStore|iPhone
		{4084AF60-9C7B-497F-AEC7-2FE4A41ED9A6}.AppStore|iPhoneSimulator.ActiveCfg = AppStore|iPhoneSimulator
		{4084AF60-9C7B-497F-AEC7-2FE4A41ED9A6}.AppStore|iPhoneSimulator.Build.0 = AppStore|iPhoneSimulator
		{4084AF60-9C7B-497F-AEC7-2FE4A41ED9A6}.Debug|iPhone.ActiveCfg = Debug|iPhone
		{4084AF60-9C7B-497F-AEC7-2FE4A41ED9A6}.Debug|iPhone.Build.0 = Debug|iPhone
		{4084AF60-9C7B-497F-AEC7-2FE4A41ED9A6}.Debug|iPhoneSimulator.ActiveCfg = Debug|iPhoneSimulator
		{4084AF60-9C7B-497F-AEC7-2FE4A41ED9A6}.Debug|iPhoneSimulator.Build.0 = Debug|iPhoneSimulator
		{4084AF60-9C7B-497F-AEC7-2FE4A41ED9A6}.Release|iPhone.ActiveCfg = Release|iPhone
		{4084AF60-9C7B-497F-AEC7-2FE4A41ED9A6}.Release|iPhone.Build.0 = Release|iPhone
		{4084AF60-9C7B-497F-AEC7-2FE4A41ED9A6}.Release|iPhoneSimulator.ActiveCfg = Release|iPhoneSimulator
		{4084AF60-9C7B-497F-AEC7-2FE4A41ED9A6}.Release|iPhoneSimulator.Build.0 = Release|iPhoneSimulator
	EndGlobalSection
	GlobalSection(SolutionProperties) = preSolution
		HideSolutionNode = FALSE
	EndGlobalSection
EndGlobal
